hash: f808045df394d502e02c4c599df46e9658ddd30e46c77042efd666ec3bd241f6
updated: 2018-09-03T14:13:00.804114+02:00
imports:
- name: github.com/gophercloud/gophercloud
  version: f362408b73ca43218b531b7eba702b1003fe063a
  subpackages:
  - openstack
  - openstack/identity/v2/tenants
  - openstack/identity/v2/tokens
  - openstack/identity/v3/tokens
  - openstack/utils
  - pagination
- name: github.com/gorilla/handlers
  version: 13a38d26174b16d5b4bf6f1094c1389ec9879572
- name: github.com/im7mortal/kmutex
  version: 17d9eb0825556292e68a6235a401e77b7c3f4b54
- name: github.com/jpillora/longestcommon
  version: adb9d91ee629dd8304c9f9d7c91977b9d7e61a35
- name: github.com/majewsky/schwift
  version: f9be896d5fd937c64a95797ced7ce887103518c8
  subpackages:
  - capabilities
  - gopherschwift
testImports: []
