hash: f808045df394d502e02c4c599df46e9658ddd30e46c77042efd666ec3bd241f6
updated: 2019-12-05T14:40:04.029404+01:00
imports:
- name: github.com/gophercloud/gophercloud
  version: c99da270f3181ddc1b3d5c5e7d040971024cb71a
  subpackages:
  - openstack
  - openstack/identity/v2/tenants
  - openstack/identity/v2/tokens
  - openstack/identity/v3/tokens
  - openstack/utils
  - pagination
- name: github.com/gorilla/handlers
  version: 597a9be2cbe9820827281afab3e5b09eb04447f2
- name: github.com/im7mortal/kmutex
  version: 95588b379f4a8f211951213ef72846c5f8f9f648
- name: github.com/jpillora/longestcommon
  version: adb9d91ee629dd8304c9f9d7c91977b9d7e61a35
- name: github.com/majewsky/schwift
  version: e1b3d5e2efc913f52df74291c0c90efb346faa0e
  subpackages:
  - capabilities
  - gopherschwift
testImports: []
